
Microsoft Visual Studio Solution File, Format Version 12.00
# Visual Studio 15
VisualStudioVersion = 15.0.26730.12
MinimumVisualStudioVersion = 10.0.40219.1
Project("{FAE04EC0-301F-11D3-BF4B-00C04F79EFBC}") = "Library", "Library\Library.csproj", "{C7D53C62-AF21-4631-8F54-ED31C63CAC24}"
EndProject
Project("{FAE04EC0-301F-11D3-BF4B-00C04F79EFBC}") = "OperationsOnData", "OperationsOnData\OperationsOnData.csproj", "{4450AA2D-6315-4C30-9C1B-6487CF594960}"
EndProject
Project("{FAE04EC0-301F-11D3-BF4B-00C04F79EFBC}") = "AdminApp", "AdminApp\AdminApp.csproj", "{FAF91D7E-EC82-4597-BA69-B1C2495325CE}"
EndProject
Global
	GlobalSection(SolutionConfigurationPlatforms) = preSolution
		Debug|Any CPU = Debug|Any CPU
		Release|Any CPU = Release|Any CPU
	EndGlobalSection
	GlobalSection(ProjectConfigurationPlatforms) = postSolution
		{C7D53C62-AF21-4631-8F54-ED31C63CAC24}.Debug|Any CPU.ActiveCfg = Debug|Any CPU
		{C7D53C62-AF21-4631-8F54-ED31C63CAC24}.Debug|Any CPU.Build.0 = Debug|Any CPU
		{C7D53C62-AF21-4631-8F54-ED31C63CAC24}.Release|Any CPU.ActiveCfg = Release|Any CPU
		{C7D53C62-AF21-4631-8F54-ED31C63CAC24}.Release|Any CPU.Build.0 = Release|Any CPU
		{4450AA2D-6315-4C30-9C1B-6487CF594960}.Debug|Any CPU.ActiveCfg = Debug|Any CPU
		{4450AA2D-6315-4C30-9C1B-6487CF594960}.Debug|Any CPU.Build.0 = Debug|Any CPU
		{4450AA2D-6315-4C30-9C1B-6487CF594960}.Release|Any CPU.ActiveCfg = Release|Any CPU
		{4450AA2D-6315-4C30-9C1B-6487CF594960}.Release|Any CPU.Build.0 = Release|Any CPU
		{FAF91D7E-EC82-4597-BA69-B1C2495325CE}.Debug|Any CPU.ActiveCfg = Debug|Any CPU
		{FAF91D7E-EC82-4597-BA69-B1C2495325CE}.Debug|Any CPU.Build.0 = Debug|Any CPU
		{FAF91D7E-EC82-4597-BA69-B1C2495325CE}.Release|Any CPU.ActiveCfg = Release|Any CPU
		{FAF91D7E-EC82-4597-BA69-B1C2495325CE}.Release|Any CPU.Build.0 = Release|Any CPU
	EndGlobalSection
	GlobalSection(SolutionProperties) = preSolution
		HideSolutionNode = FALSE
	EndGlobalSection
	GlobalSection(ExtensibilityGlobals) = postSolution
		SolutionGuid = {E9AEBB83-7325-4B1C-B8EF-D2186F202BE8}
	EndGlobalSection
EndGlobal
